<?xml version="1.0" encoding="utf-8"?>
<Project ToolsVersion="4.0" xmlns="http://schemas.microsoft.com/developer/msbuild/2003">
  <ItemGroup>
    <Filter Include="Source Files">
      <UniqueIdentifier>{4FC737F1-C7A5-4376-A066-2A32D752A2FF}</UniqueIdentifier>
      <Extensions>cpp;c;cc;cxx;def;odl;idl;hpj;bat;asm;asmx</Extensions>
    </Filter>
    <Filter Include="Header Files">
      <UniqueIdentifier>{93995380-89BD-4b04-88EB-625FBE52EBFB}</UniqueIdentifier>
      <Extensions>h;hh;hpp;hxx;hm;inl;inc;xsd</Extensions>
    </Filter>
    <Filter Include="Resource Files">
      <UniqueIdentifier>{D9D6E242-F8AF-46E4-B9FD-80ECBC20BA3E}</UniqueIdentifier>
      <Extensions>qrc;*</Extensions>
      <ParseFiles>false</ParseFiles>
    </Filter>
    <Filter Include="Form Files">
      <UniqueIdentifier>{99349809-55BA-4b9d-BF79-8FDBB0286EB3}</UniqueIdentifier>
      <Extensions>ui</Extensions>
    </Filter>
    <Filter Include="Resource Files">
      <UniqueIdentifier>{D9D6E242-F8AF-46E4-B9FD-80ECBC20BA3E}</UniqueIdentifier>
      <Extensions>qrc;*</Extensions>
      <ParseFiles>false</ParseFiles>
    </Filter>
  </ItemGroup>
  <ItemGroup>
    <ClCompile Include="main.cpp">
      <Filter>Source Files</Filter>
    </ClCompile>
    <ClCompile Include="GUI.cpp">
      <Filter>Source Files</Filter>
    </ClCompile>
    <ClCompile Include="AddAction.cpp">
      <Filter>Source Files</Filter>
    </ClCompile>
    <ClCompile Include="DatabaseRepository.cpp">
      <Filter>Source Files</Filter>
    </ClCompile>
    <ClCompile Include="Evidence.cpp">
      <Filter>Source Files</Filter>
    </ClCompile>
    <ClCompile Include="FileRepository.cpp">
      <Filter>Source Files</Filter>
    </ClCompile>
    <ClCompile Include="HTMLIO.cpp">
      <Filter>Source Files</Filter>
    </ClCompile>
    <ClCompile Include="HTMLRepository.cpp">
      <Filter>Source Files</Filter>
    </ClCompile>
    <ClCompile Include="InMemoryRepository.cpp">
      <Filter>Source Files</Filter>
    </ClCompile>
    <ClCompile Include="RemoveAction.cpp">
      <Filter>Source Files</Filter>
    </ClCompile>
    <ClCompile Include="ReportingHook.cpp">
      <Filter>Source Files</Filter>
    </ClCompile>
    <ClCompile Include="SelectRepositoryDialog.cpp">
      <Filter>Source Files</Filter>
    </ClCompile>
    <ClCompile Include="SeniorClearanceController.cpp">
      <Filter>Source Files</Filter>
    </ClCompile>
    <ClCompile Include="SimpleEvidenceValidator.cpp">
      <Filter>Source Files</Filter>
    </ClCompile>
    <ClCompile Include="StandardClearanceController.cpp">
      <Filter>Source Files</Filter>
    </ClCompile>
    <ClCompile Include="UI.cpp">
      <Filter>Source Files</Filter>
    </ClCompile>
    <ClCompile Include="UpdateAction.cpp">
      <Filter>Source Files</Filter>
    </ClCompile>
    <ClCompile Include="StandardClearanceTableModel.cpp">
      <Filter>Source Files</Filter>
    </ClCompile>
    <ClCompile Include="UserListWindow.cpp">
      <Filter>Source Files</Filter>
    </ClCompile>
    <ClCompile Include="KeyboardShortcutFilter.cpp">
      <Filter>Source Files</Filter>
    </ClCompile>
    <ClCompile Include="EvidenceImageViewerDelegate.cpp">
      <Filter>Source Files</Filter>
    </ClCompile>
  </ItemGroup>
  <ItemGroup>
    <QtMoc Include="GUI.h">
      <Filter>Header Files</Filter>
    </QtMoc>
    <QtMoc Include="UserListWindow.h">
      <Filter>Header Files</Filter>
    </QtMoc>
    <QtMoc Include="KeyboardShortcutFilter.h">
      <Filter>Header Files</Filter>
    </QtMoc>
    <QtMoc Include="EvidenceImageViewerDelegate.h">
      <Filter>Header Files</Filter>
    </QtMoc>
  </ItemGroup>
  <ItemGroup>
    <QtUic Include="GUI.ui">
      <Filter>Form Files</Filter>
    </QtUic>
    <QtUic Include="UserListWindow.ui">
      <Filter>Form Files</Filter>
    </QtUic>
  </ItemGroup>
  <ItemGroup>
    <QtRcc Include="GUI.qrc">
      <Filter>Resource Files</Filter>
    </QtRcc>
  </ItemGroup>
  <ItemGroup>
    <ClInclude Include="Action.h">
      <Filter>Header Files</Filter>
    </ClInclude>
    <ClInclude Include="AddAction.h">
      <Filter>Header Files</Filter>
    </ClInclude>
    <ClInclude Include="DatabaseRepository.h">
      <Filter>Header Files</Filter>
    </ClInclude>
    <ClInclude Include="Evidence.h">
      <Filter>Header Files</Filter>
    </ClInclude>
    <ClInclude Include="EvidenceValidator.h">
      <Filter>Header Files</Filter>
    </ClInclude>
    <ClInclude Include="FileRepository.h">
      <Filter>Header Files</Filter>
    </ClInclude>
    <ClInclude Include="HTMLIO.h">
      <Filter>Header Files</Filter>
    </ClInclude>
    <ClInclude Include="HTMLRepository.h">
      <Filter>Header Files</Filter>
    </ClInclude>
    <ClInclude Include="InMemoryRepository.h">
      <Filter>Header Files</Filter>
    </ClInclude>
    <ClInclude Include="RemoveAction.h">
      <Filter>Header Files</Filter>
    </ClInclude>
    <ClInclude Include="ReportingHook.h">
      <Filter>Header Files</Filter>
    </ClInclude>
    <ClInclude Include="Repository.h">
      <Filter>Header Files</Filter>
    </ClInclude>
    <ClInclude Include="SelectRepositoryDialog.h">
      <Filter>Header Files</Filter>
    </ClInclude>
    <ClInclude Include="SeniorClearanceController.h">
      <Filter>Header Files</Filter>
    </ClInclude>
    <ClInclude Include="SetDebugNew.h">
      <Filter>Header Files</Filter>
    </ClInclude>
    <ClInclude Include="SimpleEvidenceValidator.h">
      <Filter>Header Files</Filter>
    </ClInclude>
    <ClInclude Include="StandardClearanceController.h">
      <Filter>Header Files</Filter>
    </ClInclude>
    <ClInclude Include="UpdateAction.h">
      <Filter>Header Files</Filter>
    </ClInclude>
    <ClInclude Include="UI.h">
      <Filter>Header Files</Filter>
    </ClInclude>
    <ClInclude Include="StandardClearanceTableModel.h">
      <Filter>Header Files</Filter>
    </ClInclude>
  </ItemGroup>
  <ItemGroup>
    <CopyFileToFolders Include="settings.ini" />
  </ItemGroup>
</Project>